<?xml version="1.0" encoding="utf-8"?>
<Project ToolsVersion="4.0" xmlns="http://schemas.microsoft.com/developer/msbuild/2003">
  <ItemGroup>
    <Filter Include="源文件">
      <UniqueIdentifier>{4FC737F1-C7A5-4376-A066-2A32D752A2FF}</UniqueIdentifier>
      <Extensions>cpp;c;cc;cxx;def;odl;idl;hpj;bat;asm;asmx</Extensions>
    </Filter>
    <Filter Include="头文件">
      <UniqueIdentifier>{93995380-89BD-4b04-88EB-625FBE52EBFB}</UniqueIdentifier>
      <Extensions>h;hh;hpp;hxx;hm;inl;inc;xsd</Extensions>
    </Filter>
    <Filter Include="资源文件">
      <UniqueIdentifier>{67DA6AB6-F800-4c08-8B7A-83BB121AAD01}</UniqueIdentifier>
      <Extensions>rc;ico;cur;bmp;dlg;rc2;rct;bin;rgs;gif;jpg;jpeg;jpe;resx;tiff;tif;png;wav;mfcribbon-ms</Extensions>
    </Filter>
  </ItemGroup>
  <ItemGroup>
    <Text Include="ReadMe.txt" />
  </ItemGroup>
  <ItemGroup>
    <ClInclude Include="stdafx.h">
      <Filter>头文件</Filter>
    </ClInclude>
    <ClInclude Include="targetver.h">
      <Filter>头文件</Filter>
    </ClInclude>
    <ClInclude Include="Network\Socket.h">
      <Filter>头文件</Filter>
    </ClInclude>
    <ClInclude Include="Network\Client.h">
      <Filter>头文件</Filter>
    </ClInclude>
    <ClInclude Include="MessageType.h">
      <Filter>头文件</Filter>
    </ClInclude>
    <ClInclude Include="MsgQueue\MsgQueue.h">
      <Filter>头文件</Filter>
    </ClInclude>
    <ClInclude Include="Threads\MsgRecvThread.h">
      <Filter>头文件</Filter>
    </ClInclude>
    <ClInclude Include="Threads\BaseThread.h">
      <Filter>头文件</Filter>
    </ClInclude>
    <ClInclude Include="Application.h">
      <Filter>头文件</Filter>
    </ClInclude>
    <ClInclude Include="UI\UIState.h">
      <Filter>头文件</Filter>
    </ClInclude>
    <ClInclude Include="UI\UI.h">
      <Filter>头文件</Filter>
    </ClInclude>
    <ClInclude Include="Threads\MsgDealThread.h">
      <Filter>头文件</Filter>
    </ClInclude>
    <ClInclude Include="Timer\Timer.h">
      <Filter>头文件</Filter>
    </ClInclude>
    <ClInclude Include="AI\AI.h">
      <Filter>头文件</Filter>
    </ClInclude>
  </ItemGroup>
  <ItemGroup>
    <ClCompile Include="stdafx.cpp">
      <Filter>源文件</Filter>
    </ClCompile>
    <ClCompile Include="..\..\..\..\packages\imgui-master\imgui.cpp">
      <Filter>源文件</Filter>
    </ClCompile>
    <ClCompile Include="..\..\..\..\packages\imgui-master\imgui_draw.cpp">
      <Filter>源文件</Filter>
    </ClCompile>
    <ClCompile Include="..\..\..\..\packages\imgui-sfml-master\imgui-SFML.cpp">
      <Filter>源文件</Filter>
    </ClCompile>
    <ClCompile Include="Network\Socket.cpp">
      <Filter>源文件</Filter>
    </ClCompile>
    <ClCompile Include="MsgQueue\MsgQueue.cpp">
      <Filter>源文件</Filter>
    </ClCompile>
    <ClCompile Include="Threads\MsgRecvThread.cpp">
      <Filter>源文件</Filter>
    </ClCompile>
    <ClCompile Include="Network\Client.cpp">
      <Filter>源文件</Filter>
    </ClCompile>
    <ClCompile Include="Application.cpp">
      <Filter>源文件</Filter>
    </ClCompile>
    <ClCompile Include="UI\UI.cpp">
      <Filter>源文件</Filter>
    </ClCompile>
    <ClCompile Include="Threads\MsgDealThread.cpp">
      <Filter>源文件</Filter>
    </ClCompile>
    <ClCompile Include="main.cpp">
      <Filter>源文件</Filter>
    </ClCompile>
    <ClCompile Include="Timer\Timer.cpp">
      <Filter>源文件</Filter>
    </ClCompile>
    <ClCompile Include="AI\AI.cpp">
      <Filter>源文件</Filter>
    </ClCompile>
  </ItemGroup>
</Project>